
Microsoft Visual Studio Solution File, Format Version 12.00
# Visual Studio 15
VisualStudioVersion = 15.0.28307.168
MinimumVisualStudioVersion = 10.0.40219.1
Project("{8BC9CEB8-8B4A-11D0-8D11-00A0C91BC942}") = "raspikey", "RaspiKey.vcxproj", "{6A2FF0CB-ED47-47AF-A850-3D8587C55A4D}"
EndProject
Global
	GlobalSection(SolutionConfigurationPlatforms) = preSolution
		Debug|ARM = Debug|ARM
		Debug|x64 = Debug|x64
		Release|ARM = Release|ARM
		Release|x64 = Release|x64
	EndGlobalSection
	GlobalSection(ProjectConfigurationPlatforms) = postSolution
		{6A2FF0CB-ED47-47AF-A850-3D8587C55A4D}.Debug|ARM.ActiveCfg = Debug|ARM
		{6A2FF0CB-ED47-47AF-A850-3D8587C55A4D}.Debug|ARM.Build.0 = Debug|ARM
		{6A2FF0CB-ED47-47AF-A850-3D8587C55A4D}.Debug|x64.ActiveCfg = Debug|x64
		{6A2FF0CB-ED47-47AF-A850-3D8587C55A4D}.Debug|x64.Build.0 = Debug|x64
		{6A2FF0CB-ED47-47AF-A850-3D8587C55A4D}.Release|ARM.ActiveCfg = Release|ARM
		{6A2FF0CB-ED47-47AF-A850-3D8587C55A4D}.Release|ARM.Build.0 = Release|ARM
		{6A2FF0CB-ED47-47AF-A850-3D8587C55A4D}.Release|x64.ActiveCfg = Release|x64
		{6A2FF0CB-ED47-47AF-A850-3D8587C55A4D}.Release|x64.Build.0 = Release|x64
	EndGlobalSection
	GlobalSection(SolutionProperties) = preSolution
		HideSolutionNode = FALSE
	EndGlobalSection
	GlobalSection(ExtensibilityGlobals) = postSolution
		SolutionGuid = {C05B15E2-72F5-4BE9-A087-F948A7867F19}
	EndGlobalSection
EndGlobal
